
Microsoft Visual Studio Solution File, Format Version 12.00
# Visual Studio 15
VisualStudioVersion = 15.0.28307.705
MinimumVisualStudioVersion = 10.0.40219.1
Project("{FAE04EC0-301F-11D3-BF4B-00C04F79EFBC}") = "ConsoleApp1", "ConsoleApp1\ConsoleApp1.csproj", "{B16A0F92-FA13-4FB3-9D74-A8BE0B90B2CA}"
EndProject
Global
	GlobalSection(SolutionConfigurationPlatforms) = preSolution
		Debug|Any CPU = Debug|Any CPU
		Release|Any CPU = Release|Any CPU
	EndGlobalSection
	GlobalSection(ProjectConfigurationPlatforms) = postSolution
		{B16A0F92-FA13-4FB3-9D74-A8BE0B90B2CA}.Debug|Any CPU.ActiveCfg = Debug|Any CPU
		{B16A0F92-FA13-4FB3-9D74-A8BE0B90B2CA}.Debug|Any CPU.Build.0 = Debug|Any CPU
		{B16A0F92-FA13-4FB3-9D74-A8BE0B90B2CA}.Release|Any CPU.ActiveCfg = Release|Any CPU
		{B16A0F92-FA13-4FB3-9D74-A8BE0B90B2CA}.Release|Any CPU.Build.0 = Release|Any CPU
	EndGlobalSection
	GlobalSection(SolutionProperties) = preSolution
		HideSolutionNode = FALSE
	EndGlobalSection
	GlobalSection(ExtensibilityGlobals) = postSolution
		SolutionGuid = {4BD2F1EB-6A7A-456D-AF2C-2BF14C94C716}
	EndGlobalSection
EndGlobal
